
Microsoft Visual Studio Solution File, Format Version 12.00
# Visual Studio Version 17
VisualStudioVersion = 17.0.31903.59
MinimumVisualStudioVersion = 10.0.40219.1
Project("{FAE04EC0-301F-11D3-BF4B-00C04F79EFBC}") = "SharpConsoleUI", "SharpConsoleUI\SharpConsoleUI.csproj", "{16B13887-7026-4593-A786-83F5A4024236}"
EndProject
Project("{FAE04EC0-301F-11D3-BF4B-00C04F79EFBC}") = "SharpConsoleUI.Tests", "SharpConsoleUI.Tests\SharpConsoleUI.Tests.csproj", "{A5477267-00B0-4564-B953-4E765330D295}"
EndProject
Project("{2150E333-8FDC-42A3-9474-1A3956D46DE8}") = "Examples", "Examples", "{B36A84DF-456D-A817-6EDD-3EC3E7F6E11F}"
EndProject
Project("{FAE04EC0-301F-11D3-BF4B-00C04F79EFBC}") = "AgentStudio", "Examples\AgentStudio\AgentStudio.csproj", "{BC01AF69-9657-4CAA-819E-979B7E1FC831}"
EndProject
Project("{FAE04EC0-301F-11D3-BF4B-00C04F79EFBC}") = "BorderStyleDemo", "Examples\BorderStyleDemo\BorderStyleDemo.csproj", "{E8B47A06-D9E9-4F57-8CBB-1D7E213448DE}"
EndProject
Project("{FAE04EC0-301F-11D3-BF4B-00C04F79EFBC}") = "CanvasDemo", "Examples\CanvasDemo\CanvasDemo.csproj", "{877F0629-B17F-46DE-975E-7D9486B89D9D}"
EndProject
Project("{FAE04EC0-301F-11D3-BF4B-00C04F79EFBC}") = "CompositorEffectsExample", "Examples\CompositorEffectsExample\CompositorEffectsExample.csproj", "{FCAB68F0-B3B4-43BB-9506-145FE0D02736}"
EndProject
Project("{FAE04EC0-301F-11D3-BF4B-00C04F79EFBC}") = "ConsoleTopExample", "Examples\ConsoleTopExample\ConsoleTopExample.csproj", "{5A0FDF41-ECDA-45C3-B738-AE2822F8FE0B}"
EndProject
Project("{FAE04EC0-301F-11D3-BF4B-00C04F79EFBC}") = "DemoApp", "Examples\DemoApp\DemoApp.csproj", "{9272729B-62ED-417E-910B-1BA3B1366A9A}"
EndProject
Project("{FAE04EC0-301F-11D3-BF4B-00C04F79EFBC}") = "FigleShowcaseExample", "Examples\FigleShowcaseExample\FigleShowcaseExample.csproj", "{E0A747D8-D392-4172-8CDE-7E9C1215D162}"
EndProject
Project("{FAE04EC0-301F-11D3-BF4B-00C04F79EFBC}") = "FrameRateDemo", "Examples\FrameRateDemo\FrameRateDemo.csproj", "{855FEBF2-1D36-45B3-B9CE-084A5D39A853}"
EndProject
Project("{FAE04EC0-301F-11D3-BF4B-00C04F79EFBC}") = "FullScreenExample", "Examples\FullScreenExample\FullScreenExample.csproj", "{9BBDFA46-3CF5-4121-8D3E-3249D267200A}"
EndProject
Project("{FAE04EC0-301F-11D3-BF4B-00C04F79EFBC}") = "HighFreqDemo", "Examples\HighFreqDemo\HighFreqDemo.csproj", "{A4FC273C-29E0-4AFE-ADD7-741F26D5839C}"
EndProject
Project("{FAE04EC0-301F-11D3-BF4B-00C04F79EFBC}") = "MenuDemo", "Examples\MenuDemo\MenuDemo.csproj", "{C294AFC4-1F5A-4B36-A0E6-222AD2DC2235}"
EndProject
Project("{FAE04EC0-301F-11D3-BF4B-00C04F79EFBC}") = "MultiDashboard", "Examples\MultiDashboard\MultiDashboard.csproj", "{179E043D-92F3-476A-BD57-BDB1B44A42B9}"
EndProject
Project("{FAE04EC0-301F-11D3-BF4B-00C04F79EFBC}") = "PanelDemo", "Examples\PanelDemo\PanelDemo.csproj", "{FB5AE3F3-5FF3-4B23-B017-5FFB4419057D}"
EndProject
Project("{FAE04EC0-301F-11D3-BF4B-00C04F79EFBC}") = "PluginShowcaseExample", "Examples\PluginShowcaseExample\PluginShowcaseExample.csproj", "{BEB67B22-6095-4D98-B365-28B467ADA726}"
EndProject
Project("{FAE04EC0-301F-11D3-BF4B-00C04F79EFBC}") = "SnakeGame", "Examples\SnakeGame\SnakeGame.csproj", "{E8AF62C0-EAB7-4642-99A2-5E454E537785}"
EndProject
Project("{FAE04EC0-301F-11D3-BF4B-00C04F79EFBC}") = "SpectreMouseExample", "Examples\SpectreMouseExample\SpectreMouseExample.csproj", "{E42F11F0-F85F-441C-8967-E1CAE406B4CF}"
EndProject
Project("{FAE04EC0-301F-11D3-BF4B-00C04F79EFBC}") = "StartMenuDemo", "Examples\StartMenuDemo\StartMenuDemo.csproj", "{F0993A49-0739-455B-A1C8-13F38C8EEBE1}"
EndProject
Project("{FAE04EC0-301F-11D3-BF4B-00C04F79EFBC}") = "TabControlDemo", "Examples\TabControlDemo\TabControlDemo.csproj", "{553038E8-E13D-4F09-9AFD-47AD69C29ED1}"
EndProject
Project("{FAE04EC0-301F-11D3-BF4B-00C04F79EFBC}") = "TableDemo", "Examples\TableDemo\TableDemo.csproj", "{3259D11A-8AB6-4DC1-B9F3-B7AF036512AD}"
EndProject
Project("{FAE04EC0-301F-11D3-BF4B-00C04F79EFBC}") = "TextEditorExample", "Examples\TextEditorExample\TextEditorExample.csproj", "{B6F67BB1-AD06-4B2E-886F-31A892E135CB}"
EndProject
Project("{2150E333-8FDC-42A3-9474-1A3956D46DE8}") = "Templates", "Templates", "{808186BE-9BD0-DD1D-D574-36EEAD1E7F8F}"
EndProject
Project("{FAE04EC0-301F-11D3-BF4B-00C04F79EFBC}") = "SharpConsoleUI.Templates", "templates\SharpConsoleUI.Templates.csproj", "{69DD5635-9C93-4028-8515-548FAF448CEC}"
EndProject
Global
	GlobalSection(SolutionConfigurationPlatforms) = preSolution
		Debug|Any CPU = Debug|Any CPU
		Debug|x64 = Debug|x64
		Debug|x86 = Debug|x86
		Release|Any CPU = Release|Any CPU
		Release|x64 = Release|x64
		Release|x86 = Release|x86
	EndGlobalSection
	GlobalSection(ProjectConfigurationPlatforms) = postSolution
		{16B13887-7026-4593-A786-83F5A4024236}.Debug|Any CPU.ActiveCfg = Debug|Any CPU
		{16B13887-7026-4593-A786-83F5A4024236}.Debug|Any CPU.Build.0 = Debug|Any CPU
		{16B13887-7026-4593-A786-83F5A4024236}.Debug|x64.ActiveCfg = Debug|Any CPU
		{16B13887-7026-4593-A786-83F5A4024236}.Debug|x64.Build.0 = Debug|Any CPU
		{16B13887-7026-4593-A786-83F5A4024236}.Debug|x86.ActiveCfg = Debug|Any CPU
		{16B13887-7026-4593-A786-83F5A4024236}.Debug|x86.Build.0 = Debug|Any CPU
		{16B13887-7026-4593-A786-83F5A4024236}.Release|Any CPU.ActiveCfg = Release|Any CPU
		{16B13887-7026-4593-A786-83F5A4024236}.Release|Any CPU.Build.0 = Release|Any CPU
		{16B13887-7026-4593-A786-83F5A4024236}.Release|x64.ActiveCfg = Release|Any CPU
		{16B13887-7026-4593-A786-83F5A4024236}.Release|x64.Build.0 = Release|Any CPU
		{16B13887-7026-4593-A786-83F5A4024236}.Release|x86.ActiveCfg = Release|Any CPU
		{16B13887-7026-4593-A786-83F5A4024236}.Release|x86.Build.0 = Release|Any CPU
		{A5477267-00B0-4564-B953-4E765330D295}.Debug|Any CPU.ActiveCfg = Debug|Any CPU
		{A5477267-00B0-4564-B953-4E765330D295}.Debug|Any CPU.Build.0 = Debug|Any CPU
		{A5477267-00B0-4564-B953-4E765330D295}.Debug|x64.ActiveCfg = Debug|Any CPU
		{A5477267-00B0-4564-B953-4E765330D295}.Debug|x64.Build.0 = Debug|Any CPU
		{A5477267-00B0-4564-B953-4E765330D295}.Debug|x86.ActiveCfg = Debug|Any CPU
		{A5477267-00B0-4564-B953-4E765330D295}.Debug|x86.Build.0 = Debug|Any CPU
		{A5477267-00B0-4564-B953-4E765330D295}.Release|Any CPU.ActiveCfg = Release|Any CPU
		{A5477267-00B0-4564-B953-4E765330D295}.Release|Any CPU.Build.0 = Release|Any CPU
		{A5477267-00B0-4564-B953-4E765330D295}.Release|x64.ActiveCfg = Release|Any CPU
		{A5477267-00B0-4564-B953-4E765330D295}.Release|x64.Build.0 = Release|Any CPU
		{A5477267-00B0-4564-B953-4E765330D295}.Release|x86.ActiveCfg = Release|Any CPU
		{A5477267-00B0-4564-B953-4E765330D295}.Release|x86.Build.0 = Release|Any CPU
		{BC01AF69-9657-4CAA-819E-979B7E1FC831}.Debug|Any CPU.ActiveCfg = Debug|Any CPU
		{BC01AF69-9657-4CAA-819E-979B7E1FC831}.Debug|Any CPU.Build.0 = Debug|Any CPU
		{BC01AF69-9657-4CAA-819E-979B7E1FC831}.Debug|x64.ActiveCfg = Debug|Any CPU
		{BC01AF69-9657-4CAA-819E-979B7E1FC831}.Debug|x64.Build.0 = Debug|Any CPU
		{BC01AF69-9657-4CAA-819E-979B7E1FC831}.Debug|x86.ActiveCfg = Debug|Any CPU
		{BC01AF69-9657-4CAA-819E-979B7E1FC831}.Debug|x86.Build.0 = Debug|Any CPU
		{BC01AF69-9657-4CAA-819E-979B7E1FC831}.Release|Any CPU.ActiveCfg = Release|Any CPU
		{BC01AF69-9657-4CAA-819E-979B7E1FC831}.Release|Any CPU.Build.0 = Release|Any CPU
		{BC01AF69-9657-4CAA-819E-979B7E1FC831}.Release|x64.ActiveCfg = Release|Any CPU
		{BC01AF69-9657-4CAA-819E-979B7E1FC831}.Release|x64.Build.0 = Release|Any CPU
		{BC01AF69-9657-4CAA-819E-979B7E1FC831}.Release|x86.ActiveCfg = Release|Any CPU
		{BC01AF69-9657-4CAA-819E-979B7E1FC831}.Release|x86.Build.0 = Release|Any CPU
		{E8B47A06-D9E9-4F57-8CBB-1D7E213448DE}.Debug|Any CPU.ActiveCfg = Debug|Any CPU
		{E8B47A06-D9E9-4F57-8CBB-1D7E213448DE}.Debug|Any CPU.Build.0 = Debug|Any CPU
		{E8B47A06-D9E9-4F57-8CBB-1D7E213448DE}.Debug|x64.ActiveCfg = Debug|Any CPU
		{E8B47A06-D9E9-4F57-8CBB-1D7E213448DE}.Debug|x64.Build.0 = Debug|Any CPU
		{E8B47A06-D9E9-4F57-8CBB-1D7E213448DE}.Debug|x86.ActiveCfg = Debug|Any CPU
		{E8B47A06-D9E9-4F57-8CBB-1D7E213448DE}.Debug|x86.Build.0 = Debug|Any CPU
		{E8B47A06-D9E9-4F57-8CBB-1D7E213448DE}.Release|Any CPU.ActiveCfg = Release|Any CPU
		{E8B47A06-D9E9-4F57-8CBB-1D7E213448DE}.Release|Any CPU.Build.0 = Release|Any CPU
		{E8B47A06-D9E9-4F57-8CBB-1D7E213448DE}.Release|x64.ActiveCfg = Release|Any CPU
		{E8B47A06-D9E9-4F57-8CBB-1D7E213448DE}.Release|x64.Build.0 = Release|Any CPU
		{E8B47A06-D9E9-4F57-8CBB-1D7E213448DE}.Release|x86.ActiveCfg = Release|Any CPU
		{E8B47A06-D9E9-4F57-8CBB-1D7E213448DE}.Release|x86.Build.0 = Release|Any CPU
		{877F0629-B17F-46DE-975E-7D9486B89D9D}.Debug|Any CPU.ActiveCfg = Debug|Any CPU
		{877F0629-B17F-46DE-975E-7D9486B89D9D}.Debug|Any CPU.Build.0 = Debug|Any CPU
		{877F0629-B17F-46DE-975E-7D9486B89D9D}.Debug|x64.ActiveCfg = Debug|Any CPU
		{877F0629-B17F-46DE-975E-7D9486B89D9D}.Debug|x64.Build.0 = Debug|Any CPU
		{877F0629-B17F-46DE-975E-7D9486B89D9D}.Debug|x86.ActiveCfg = Debug|Any CPU
		{877F0629-B17F-46DE-975E-7D9486B89D9D}.Debug|x86.Build.0 = Debug|Any CPU
		{877F0629-B17F-46DE-975E-7D9486B89D9D}.Release|Any CPU.ActiveCfg = Release|Any CPU
		{877F0629-B17F-46DE-975E-7D9486B89D9D}.Release|Any CPU.Build.0 = Release|Any CPU
		{877F0629-B17F-46DE-975E-7D9486B89D9D}.Release|x64.ActiveCfg = Release|Any CPU
		{877F0629-B17F-46DE-975E-7D9486B89D9D}.Release|x64.Build.0 = Release|Any CPU
		{877F0629-B17F-46DE-975E-7D9486B89D9D}.Release|x86.ActiveCfg = Release|Any CPU
		{877F0629-B17F-46DE-975E-7D9486B89D9D}.Release|x86.Build.0 = Release|Any CPU
		{FCAB68F0-B3B4-43BB-9506-145FE0D02736}.Debug|Any CPU.ActiveCfg = Debug|Any CPU
		{FCAB68F0-B3B4-43BB-9506-145FE0D02736}.Debug|Any CPU.Build.0 = Debug|Any CPU
		{FCAB68F0-B3B4-43BB-9506-145FE0D02736}.Debug|x64.ActiveCfg = Debug|Any CPU
		{FCAB68F0-B3B4-43BB-9506-145FE0D02736}.Debug|x64.Build.0 = Debug|Any CPU
		{FCAB68F0-B3B4-43BB-9506-145FE0D02736}.Debug|x86.ActiveCfg = Debug|Any CPU
		{FCAB68F0-B3B4-43BB-9506-145FE0D02736}.Debug|x86.Build.0 = Debug|Any CPU
		{FCAB68F0-B3B4-43BB-9506-145FE0D02736}.Release|Any CPU.ActiveCfg = Release|Any CPU
		{FCAB68F0-B3B4-43BB-9506-145FE0D02736}.Release|Any CPU.Build.0 = Release|Any CPU
		{FCAB68F0-B3B4-43BB-9506-145FE0D02736}.Release|x64.ActiveCfg = Release|Any CPU
		{FCAB68F0-B3B4-43BB-9506-145FE0D02736}.Release|x64.Build.0 = Release|Any CPU
		{FCAB68F0-B3B4-43BB-9506-145FE0D02736}.Release|x86.ActiveCfg = Release|Any CPU
		{FCAB68F0-B3B4-43BB-9506-145FE0D02736}.Release|x86.Build.0 = Release|Any CPU
		{5A0FDF41-ECDA-45C3-B738-AE2822F8FE0B}.Debug|Any CPU.ActiveCfg = Debug|Any CPU
		{5A0FDF41-ECDA-45C3-B738-AE2822F8FE0B}.Debug|Any CPU.Build.0 = Debug|Any CPU
		{5A0FDF41-ECDA-45C3-B738-AE2822F8FE0B}.Debug|x64.ActiveCfg = Debug|Any CPU
		{5A0FDF41-ECDA-45C3-B738-AE2822F8FE0B}.Debug|x64.Build.0 = Debug|Any CPU
		{5A0FDF41-ECDA-45C3-B738-AE2822F8FE0B}.Debug|x86.ActiveCfg = Debug|Any CPU
		{5A0FDF41-ECDA-45C3-B738-AE2822F8FE0B}.Debug|x86.Build.0 = Debug|Any CPU
		{5A0FDF41-ECDA-45C3-B738-AE2822F8FE0B}.Release|Any CPU.ActiveCfg = Release|Any CPU
		{5A0FDF41-ECDA-45C3-B738-AE2822F8FE0B}.Release|Any CPU.Build.0 = Release|Any CPU
		{5A0FDF41-ECDA-45C3-B738-AE2822F8FE0B}.Release|x64.ActiveCfg = Release|Any CPU
		{5A0FDF41-ECDA-45C3-B738-AE2822F8FE0B}.Release|x64.Build.0 = Release|Any CPU
		{5A0FDF41-ECDA-45C3-B738-AE2822F8FE0B}.Release|x86.ActiveCfg = Release|Any CPU
		{5A0FDF41-ECDA-45C3-B738-AE2822F8FE0B}.Release|x86.Build.0 = Release|Any CPU
		{9272729B-62ED-417E-910B-1BA3B1366A9A}.Debug|Any CPU.ActiveCfg = Debug|Any CPU
		{9272729B-62ED-417E-910B-1BA3B1366A9A}.Debug|Any CPU.Build.0 = Debug|Any CPU
		{9272729B-62ED-417E-910B-1BA3B1366A9A}.Debug|x64.ActiveCfg = Debug|Any CPU
		{9272729B-62ED-417E-910B-1BA3B1366A9A}.Debug|x64.Build.0 = Debug|Any CPU
		{9272729B-62ED-417E-910B-1BA3B1366A9A}.Debug|x86.ActiveCfg = Debug|Any CPU
		{9272729B-62ED-417E-910B-1BA3B1366A9A}.Debug|x86.Build.0 = Debug|Any CPU
		{9272729B-62ED-417E-910B-1BA3B1366A9A}.Release|Any CPU.ActiveCfg = Release|Any CPU
		{9272729B-62ED-417E-910B-1BA3B1366A9A}.Release|Any CPU.Build.0 = Release|Any CPU
		{9272729B-62ED-417E-910B-1BA3B1366A9A}.Release|x64.ActiveCfg = Release|Any CPU
		{9272729B-62ED-417E-910B-1BA3B1366A9A}.Release|x64.Build.0 = Release|Any CPU
		{9272729B-62ED-417E-910B-1BA3B1366A9A}.Release|x86.ActiveCfg = Release|Any CPU
		{9272729B-62ED-417E-910B-1BA3B1366A9A}.Release|x86.Build.0 = Release|Any CPU
		{E0A747D8-D392-4172-8CDE-7E9C1215D162}.Debug|Any CPU.ActiveCfg = Debug|Any CPU
		{E0A747D8-D392-4172-8CDE-7E9C1215D162}.Debug|Any CPU.Build.0 = Debug|Any CPU
		{E0A747D8-D392-4172-8CDE-7E9C1215D162}.Debug|x64.ActiveCfg = Debug|Any CPU
		{E0A747D8-D392-4172-8CDE-7E9C1215D162}.Debug|x64.Build.0 = Debug|Any CPU
		{E0A747D8-D392-4172-8CDE-7E9C1215D162}.Debug|x86.ActiveCfg = Debug|Any CPU
		{E0A747D8-D392-4172-8CDE-7E9C1215D162}.Debug|x86.Build.0 = Debug|Any CPU
		{E0A747D8-D392-4172-8CDE-7E9C1215D162}.Release|Any CPU.ActiveCfg = Release|Any CPU
		{E0A747D8-D392-4172-8CDE-7E9C1215D162}.Release|Any CPU.Build.0 = Release|Any CPU
		{E0A747D8-D392-4172-8CDE-7E9C1215D162}.Release|x64.ActiveCfg = Release|Any CPU
		{E0A747D8-D392-4172-8CDE-7E9C1215D162}.Release|x64.Build.0 = Release|Any CPU
		{E0A747D8-D392-4172-8CDE-7E9C1215D162}.Release|x86.ActiveCfg = Release|Any CPU
		{E0A747D8-D392-4172-8CDE-7E9C1215D162}.Release|x86.Build.0 = Release|Any CPU
		{855FEBF2-1D36-45B3-B9CE-084A5D39A853}.Debug|Any CPU.ActiveCfg = Debug|Any CPU
		{855FEBF2-1D36-45B3-B9CE-084A5D39A853}.Debug|Any CPU.Build.0 = Debug|Any CPU
		{855FEBF2-1D36-45B3-B9CE-084A5D39A853}.Debug|x64.ActiveCfg = Debug|Any CPU
		{855FEBF2-1D36-45B3-B9CE-084A5D39A853}.Debug|x64.Build.0 = Debug|Any CPU
		{855FEBF2-1D36-45B3-B9CE-084A5D39A853}.Debug|x86.ActiveCfg = Debug|Any CPU
		{855FEBF2-1D36-45B3-B9CE-084A5D39A853}.Debug|x86.Build.0 = Debug|Any CPU
		{855FEBF2-1D36-45B3-B9CE-084A5D39A853}.Release|Any CPU.ActiveCfg = Release|Any CPU
		{855FEBF2-1D36-45B3-B9CE-084A5D39A853}.Release|Any CPU.Build.0 = Release|Any CPU
		{855FEBF2-1D36-45B3-B9CE-084A5D39A853}.Release|x64.ActiveCfg = Release|Any CPU
		{855FEBF2-1D36-45B3-B9CE-084A5D39A853}.Release|x64.Build.0 = Release|Any CPU
		{855FEBF2-1D36-45B3-B9CE-084A5D39A853}.Release|x86.ActiveCfg = Release|Any CPU
		{855FEBF2-1D36-45B3-B9CE-084A5D39A853}.Release|x86.Build.0 = Release|Any CPU
		{9BBDFA46-3CF5-4121-8D3E-3249D267200A}.Debug|Any CPU.ActiveCfg = Debug|Any CPU
		{9BBDFA46-3CF5-4121-8D3E-3249D267200A}.Debug|Any CPU.Build.0 = Debug|Any CPU
		{9BBDFA46-3CF5-4121-8D3E-3249D267200A}.Debug|x64.ActiveCfg = Debug|Any CPU
		{9BBDFA46-3CF5-4121-8D3E-3249D267200A}.Debug|x64.Build.0 = Debug|Any CPU
		{9BBDFA46-3CF5-4121-8D3E-3249D267200A}.Debug|x86.ActiveCfg = Debug|Any CPU
		{9BBDFA46-3CF5-4121-8D3E-3249D267200A}.Debug|x86.Build.0 = Debug|Any CPU
		{9BBDFA46-3CF5-4121-8D3E-3249D267200A}.Release|Any CPU.ActiveCfg = Release|Any CPU
		{9BBDFA46-3CF5-4121-8D3E-3249D267200A}.Release|Any CPU.Build.0 = Release|Any CPU
		{9BBDFA46-3CF5-4121-8D3E-3249D267200A}.Release|x64.ActiveCfg = Release|Any CPU
		{9BBDFA46-3CF5-4121-8D3E-3249D267200A}.Release|x64.Build.0 = Release|Any CPU
		{9BBDFA46-3CF5-4121-8D3E-3249D267200A}.Release|x86.ActiveCfg = Release|Any CPU
		{9BBDFA46-3CF5-4121-8D3E-3249D267200A}.Release|x86.Build.0 = Release|Any CPU
		{A4FC273C-29E0-4AFE-ADD7-741F26D5839C}.Debug|Any CPU.ActiveCfg = Debug|Any CPU
		{A4FC273C-29E0-4AFE-ADD7-741F26D5839C}.Debug|Any CPU.Build.0 = Debug|Any CPU
		{A4FC273C-29E0-4AFE-ADD7-741F26D5839C}.Debug|x64.ActiveCfg = Debug|Any CPU
		{A4FC273C-29E0-4AFE-ADD7-741F26D5839C}.Debug|x64.Build.0 = Debug|Any CPU
		{A4FC273C-29E0-4AFE-ADD7-741F26D5839C}.Debug|x86.ActiveCfg = Debug|Any CPU
		{A4FC273C-29E0-4AFE-ADD7-741F26D5839C}.Debug|x86.Build.0 = Debug|Any CPU
		{A4FC273C-29E0-4AFE-ADD7-741F26D5839C}.Release|Any CPU.ActiveCfg = Release|Any CPU
		{A4FC273C-29E0-4AFE-ADD7-741F26D5839C}.Release|Any CPU.Build.0 = Release|Any CPU
		{A4FC273C-29E0-4AFE-ADD7-741F26D5839C}.Release|x64.ActiveCfg = Release|Any CPU
		{A4FC273C-29E0-4AFE-ADD7-741F26D5839C}.Release|x64.Build.0 = Release|Any CPU
		{A4FC273C-29E0-4AFE-ADD7-741F26D5839C}.Release|x86.ActiveCfg = Release|Any CPU
		{A4FC273C-29E0-4AFE-ADD7-741F26D5839C}.Release|x86.Build.0 = Release|Any CPU
		{C294AFC4-1F5A-4B36-A0E6-222AD2DC2235}.Debug|Any CPU.ActiveCfg = Debug|Any CPU
		{C294AFC4-1F5A-4B36-A0E6-222AD2DC2235}.Debug|Any CPU.Build.0 = Debug|Any CPU
		{C294AFC4-1F5A-4B36-A0E6-222AD2DC2235}.Debug|x64.ActiveCfg = Debug|Any CPU
		{C294AFC4-1F5A-4B36-A0E6-222AD2DC2235}.Debug|x64.Build.0 = Debug|Any CPU
		{C294AFC4-1F5A-4B36-A0E6-222AD2DC2235}.Debug|x86.ActiveCfg = Debug|Any CPU
		{C294AFC4-1F5A-4B36-A0E6-222AD2DC2235}.Debug|x86.Build.0 = Debug|Any CPU
		{C294AFC4-1F5A-4B36-A0E6-222AD2DC2235}.Release|Any CPU.ActiveCfg = Release|Any CPU
		{C294AFC4-1F5A-4B36-A0E6-222AD2DC2235}.Release|Any CPU.Build.0 = Release|Any CPU
		{C294AFC4-1F5A-4B36-A0E6-222AD2DC2235}.Release|x64.ActiveCfg = Release|Any CPU
		{C294AFC4-1F5A-4B36-A0E6-222AD2DC2235}.Release|x64.Build.0 = Release|Any CPU
		{C294AFC4-1F5A-4B36-A0E6-222AD2DC2235}.Release|x86.ActiveCfg = Release|Any CPU
		{C294AFC4-1F5A-4B36-A0E6-222AD2DC2235}.Release|x86.Build.0 = Release|Any CPU
		{179E043D-92F3-476A-BD57-BDB1B44A42B9}.Debug|Any CPU.ActiveCfg = Debug|Any CPU
		{179E043D-92F3-476A-BD57-BDB1B44A42B9}.Debug|Any CPU.Build.0 = Debug|Any CPU
		{179E043D-92F3-476A-BD57-BDB1B44A42B9}.Debug|x64.ActiveCfg = Debug|Any CPU
		{179E043D-92F3-476A-BD57-BDB1B44A42B9}.Debug|x64.Build.0 = Debug|Any CPU
		{179E043D-92F3-476A-BD57-BDB1B44A42B9}.Debug|x86.ActiveCfg = Debug|Any CPU
		{179E043D-92F3-476A-BD57-BDB1B44A42B9}.Debug|x86.Build.0 = Debug|Any CPU
		{179E043D-92F3-476A-BD57-BDB1B44A42B9}.Release|Any CPU.ActiveCfg = Release|Any CPU
		{179E043D-92F3-476A-BD57-BDB1B44A42B9}.Release|Any CPU.Build.0 = Release|Any CPU
		{179E043D-92F3-476A-BD57-BDB1B44A42B9}.Release|x64.ActiveCfg = Release|Any CPU
		{179E043D-92F3-476A-BD57-BDB1B44A42B9}.Release|x64.Build.0 = Release|Any CPU
		{179E043D-92F3-476A-BD57-BDB1B44A42B9}.Release|x86.ActiveCfg = Release|Any CPU
		{179E043D-92F3-476A-BD57-BDB1B44A42B9}.Release|x86.Build.0 = Release|Any CPU
		{FB5AE3F3-5FF3-4B23-B017-5FFB4419057D}.Debug|Any CPU.ActiveCfg = Debug|Any CPU
		{FB5AE3F3-5FF3-4B23-B017-5FFB4419057D}.Debug|Any CPU.Build.0 = Debug|Any CPU
		{FB5AE3F3-5FF3-4B23-B017-5FFB4419057D}.Debug|x64.ActiveCfg = Debug|Any CPU
		{FB5AE3F3-5FF3-4B23-B017-5FFB4419057D}.Debug|x64.Build.0 = Debug|Any CPU
		{FB5AE3F3-5FF3-4B23-B017-5FFB4419057D}.Debug|x86.ActiveCfg = Debug|Any CPU
		{FB5AE3F3-5FF3-4B23-B017-5FFB4419057D}.Debug|x86.Build.0 = Debug|Any CPU
		{FB5AE3F3-5FF3-4B23-B017-5FFB4419057D}.Release|Any CPU.ActiveCfg = Release|Any CPU
		{FB5AE3F3-5FF3-4B23-B017-5FFB4419057D}.Release|Any CPU.Build.0 = Release|Any CPU
		{FB5AE3F3-5FF3-4B23-B017-5FFB4419057D}.Release|x64.ActiveCfg = Release|Any CPU
		{FB5AE3F3-5FF3-4B23-B017-5FFB4419057D}.Release|x64.Build.0 = Release|Any CPU
		{FB5AE3F3-5FF3-4B23-B017-5FFB4419057D}.Release|x86.ActiveCfg = Release|Any CPU
		{FB5AE3F3-5FF3-4B23-B017-5FFB4419057D}.Release|x86.Build.0 = Release|Any CPU
		{BEB67B22-6095-4D98-B365-28B467ADA726}.Debug|Any CPU.ActiveCfg = Debug|Any CPU
		{BEB67B22-6095-4D98-B365-28B467ADA726}.Debug|Any CPU.Build.0 = Debug|Any CPU
		{BEB67B22-6095-4D98-B365-28B467ADA726}.Debug|x64.ActiveCfg = Debug|Any CPU
		{BEB67B22-6095-4D98-B365-28B467ADA726}.Debug|x64.Build.0 = Debug|Any CPU
		{BEB67B22-6095-4D98-B365-28B467ADA726}.Debug|x86.ActiveCfg = Debug|Any CPU
		{BEB67B22-6095-4D98-B365-28B467ADA726}.Debug|x86.Build.0 = Debug|Any CPU
		{BEB67B22-6095-4D98-B365-28B467ADA726}.Release|Any CPU.ActiveCfg = Release|Any CPU
		{BEB67B22-6095-4D98-B365-28B467ADA726}.Release|Any CPU.Build.0 = Release|Any CPU
		{BEB67B22-6095-4D98-B365-28B467ADA726}.Release|x64.ActiveCfg = Release|Any CPU
		{BEB67B22-6095-4D98-B365-28B467ADA726}.Release|x64.Build.0 = Release|Any CPU
		{BEB67B22-6095-4D98-B365-28B467ADA726}.Release|x86.ActiveCfg = Release|Any CPU
		{BEB67B22-6095-4D98-B365-28B467ADA726}.Release|x86.Build.0 = Release|Any CPU
		{E8AF62C0-EAB7-4642-99A2-5E454E537785}.Debug|Any CPU.ActiveCfg = Debug|Any CPU
		{E8AF62C0-EAB7-4642-99A2-5E454E537785}.Debug|Any CPU.Build.0 = Debug|Any CPU
		{E8AF62C0-EAB7-4642-99A2-5E454E537785}.Debug|x64.ActiveCfg = Debug|Any CPU
		{E8AF62C0-EAB7-4642-99A2-5E454E537785}.Debug|x64.Build.0 = Debug|Any CPU
		{E8AF62C0-EAB7-4642-99A2-5E454E537785}.Debug|x86.ActiveCfg = Debug|Any CPU
		{E8AF62C0-EAB7-4642-99A2-5E454E537785}.Debug|x86.Build.0 = Debug|Any CPU
		{E8AF62C0-EAB7-4642-99A2-5E454E537785}.Release|Any CPU.ActiveCfg = Release|Any CPU
		{E8AF62C0-EAB7-4642-99A2-5E454E537785}.Release|Any CPU.Build.0 = Release|Any CPU
		{E8AF62C0-EAB7-4642-99A2-5E454E537785}.Release|x64.ActiveCfg = Release|Any CPU
		{E8AF62C0-EAB7-4642-99A2-5E454E537785}.Release|x64.Build.0 = Release|Any CPU
		{E8AF62C0-EAB7-4642-99A2-5E454E537785}.Release|x86.ActiveCfg = Release|Any CPU
		{E8AF62C0-EAB7-4642-99A2-5E454E537785}.Release|x86.Build.0 = Release|Any CPU
		{E42F11F0-F85F-441C-8967-E1CAE406B4CF}.Debug|Any CPU.ActiveCfg = Debug|Any CPU
		{E42F11F0-F85F-441C-8967-E1CAE406B4CF}.Debug|Any CPU.Build.0 = Debug|Any CPU
		{E42F11F0-F85F-441C-8967-E1CAE406B4CF}.Debug|x64.ActiveCfg = Debug|Any CPU
		{E42F11F0-F85F-441C-8967-E1CAE406B4CF}.Debug|x64.Build.0 = Debug|Any CPU
		{E42F11F0-F85F-441C-8967-E1CAE406B4CF}.Debug|x86.ActiveCfg = Debug|Any CPU
		{E42F11F0-F85F-441C-8967-E1CAE406B4CF}.Debug|x86.Build.0 = Debug|Any CPU
		{E42F11F0-F85F-441C-8967-E1CAE406B4CF}.Release|Any CPU.ActiveCfg = Release|Any CPU
		{E42F11F0-F85F-441C-8967-E1CAE406B4CF}.Release|Any CPU.Build.0 = Release|Any CPU
		{E42F11F0-F85F-441C-8967-E1CAE406B4CF}.Release|x64.ActiveCfg = Release|Any CPU
		{E42F11F0-F85F-441C-8967-E1CAE406B4CF}.Release|x64.Build.0 = Release|Any CPU
		{E42F11F0-F85F-441C-8967-E1CAE406B4CF}.Release|x86.ActiveCfg = Release|Any CPU
		{E42F11F0-F85F-441C-8967-E1CAE406B4CF}.Release|x86.Build.0 = Release|Any CPU
		{F0993A49-0739-455B-A1C8-13F38C8EEBE1}.Debug|Any CPU.ActiveCfg = Debug|Any CPU
		{F0993A49-0739-455B-A1C8-13F38C8EEBE1}.Debug|Any CPU.Build.0 = Debug|Any CPU
		{F0993A49-0739-455B-A1C8-13F38C8EEBE1}.Debug|x64.ActiveCfg = Debug|Any CPU
		{F0993A49-0739-455B-A1C8-13F38C8EEBE1}.Debug|x64.Build.0 = Debug|Any CPU
		{F0993A49-0739-455B-A1C8-13F38C8EEBE1}.Debug|x86.ActiveCfg = Debug|Any CPU
		{F0993A49-0739-455B-A1C8-13F38C8EEBE1}.Debug|x86.Build.0 = Debug|Any CPU
		{F0993A49-0739-455B-A1C8-13F38C8EEBE1}.Release|Any CPU.ActiveCfg = Release|Any CPU
		{F0993A49-0739-455B-A1C8-13F38C8EEBE1}.Release|Any CPU.Build.0 = Release|Any CPU
		{F0993A49-0739-455B-A1C8-13F38C8EEBE1}.Release|x64.ActiveCfg = Release|Any CPU
		{F0993A49-0739-455B-A1C8-13F38C8EEBE1}.Release|x64.Build.0 = Release|Any CPU
		{F0993A49-0739-455B-A1C8-13F38C8EEBE1}.Release|x86.ActiveCfg = Release|Any CPU
		{F0993A49-0739-455B-A1C8-13F38C8EEBE1}.Release|x86.Build.0 = Release|Any CPU
		{553038E8-E13D-4F09-9AFD-47AD69C29ED1}.Debug|Any CPU.ActiveCfg = Debug|Any CPU
		{553038E8-E13D-4F09-9AFD-47AD69C29ED1}.Debug|Any CPU.Build.0 = Debug|Any CPU
		{553038E8-E13D-4F09-9AFD-47AD69C29ED1}.Debug|x64.ActiveCfg = Debug|Any CPU
		{553038E8-E13D-4F09-9AFD-47AD69C29ED1}.Debug|x64.Build.0 = Debug|Any CPU
		{553038E8-E13D-4F09-9AFD-47AD69C29ED1}.Debug|x86.ActiveCfg = Debug|Any CPU
		{553038E8-E13D-4F09-9AFD-47AD69C29ED1}.Debug|x86.Build.0 = Debug|Any CPU
		{553038E8-E13D-4F09-9AFD-47AD69C29ED1}.Release|Any CPU.ActiveCfg = Release|Any CPU
		{553038E8-E13D-4F09-9AFD-47AD69C29ED1}.Release|Any CPU.Build.0 = Release|Any CPU
		{553038E8-E13D-4F09-9AFD-47AD69C29ED1}.Release|x64.ActiveCfg = Release|Any CPU
		{553038E8-E13D-4F09-9AFD-47AD69C29ED1}.Release|x64.Build.0 = Release|Any CPU
		{553038E8-E13D-4F09-9AFD-47AD69C29ED1}.Release|x86.ActiveCfg = Release|Any CPU
		{553038E8-E13D-4F09-9AFD-47AD69C29ED1}.Release|x86.Build.0 = Release|Any CPU
		{3259D11A-8AB6-4DC1-B9F3-B7AF036512AD}.Debug|Any CPU.ActiveCfg = Debug|Any CPU
		{3259D11A-8AB6-4DC1-B9F3-B7AF036512AD}.Debug|Any CPU.Build.0 = Debug|Any CPU
		{3259D11A-8AB6-4DC1-B9F3-B7AF036512AD}.Debug|x64.ActiveCfg = Debug|Any CPU
		{3259D11A-8AB6-4DC1-B9F3-B7AF036512AD}.Debug|x64.Build.0 = Debug|Any CPU
		{3259D11A-8AB6-4DC1-B9F3-B7AF036512AD}.Debug|x86.ActiveCfg = Debug|Any CPU
		{3259D11A-8AB6-4DC1-B9F3-B7AF036512AD}.Debug|x86.Build.0 = Debug|Any CPU
		{3259D11A-8AB6-4DC1-B9F3-B7AF036512AD}.Release|Any CPU.ActiveCfg = Release|Any CPU
		{3259D11A-8AB6-4DC1-B9F3-B7AF036512AD}.Release|Any CPU.Build.0 = Release|Any CPU
		{3259D11A-8AB6-4DC1-B9F3-B7AF036512AD}.Release|x64.ActiveCfg = Release|Any CPU
		{3259D11A-8AB6-4DC1-B9F3-B7AF036512AD}.Release|x64.Build.0 = Release|Any CPU
		{3259D11A-8AB6-4DC1-B9F3-B7AF036512AD}.Release|x86.ActiveCfg = Release|Any CPU
		{3259D11A-8AB6-4DC1-B9F3-B7AF036512AD}.Release|x86.Build.0 = Release|Any CPU
		{B6F67BB1-AD06-4B2E-886F-31A892E135CB}.Debug|Any CPU.ActiveCfg = Debug|Any CPU
		{B6F67BB1-AD06-4B2E-886F-31A892E135CB}.Debug|Any CPU.Build.0 = Debug|Any CPU
		{B6F67BB1-AD06-4B2E-886F-31A892E135CB}.Debug|x64.ActiveCfg = Debug|Any CPU
		{B6F67BB1-AD06-4B2E-886F-31A892E135CB}.Debug|x64.Build.0 = Debug|Any CPU
		{B6F67BB1-AD06-4B2E-886F-31A892E135CB}.Debug|x86.ActiveCfg = Debug|Any CPU
		{B6F67BB1-AD06-4B2E-886F-31A892E135CB}.Debug|x86.Build.0 = Debug|Any CPU
		{B6F67BB1-AD06-4B2E-886F-31A892E135CB}.Release|Any CPU.ActiveCfg = Release|Any CPU
		{B6F67BB1-AD06-4B2E-886F-31A892E135CB}.Release|Any CPU.Build.0 = Release|Any CPU
		{B6F67BB1-AD06-4B2E-886F-31A892E135CB}.Release|x64.ActiveCfg = Release|Any CPU
		{B6F67BB1-AD06-4B2E-886F-31A892E135CB}.Release|x64.Build.0 = Release|Any CPU
		{B6F67BB1-AD06-4B2E-886F-31A892E135CB}.Release|x86.ActiveCfg = Release|Any CPU
		{B6F67BB1-AD06-4B2E-886F-31A892E135CB}.Release|x86.Build.0 = Release|Any CPU
		{69DD5635-9C93-4028-8515-548FAF448CEC}.Debug|Any CPU.ActiveCfg = Debug|Any CPU
		{69DD5635-9C93-4028-8515-548FAF448CEC}.Debug|Any CPU.Build.0 = Debug|Any CPU
		{69DD5635-9C93-4028-8515-548FAF448CEC}.Debug|x64.ActiveCfg = Debug|Any CPU
		{69DD5635-9C93-4028-8515-548FAF448CEC}.Debug|x64.Build.0 = Debug|Any CPU
		{69DD5635-9C93-4028-8515-548FAF448CEC}.Debug|x86.ActiveCfg = Debug|Any CPU
		{69DD5635-9C93-4028-8515-548FAF448CEC}.Debug|x86.Build.0 = Debug|Any CPU
		{69DD5635-9C93-4028-8515-548FAF448CEC}.Release|Any CPU.ActiveCfg = Release|Any CPU
		{69DD5635-9C93-4028-8515-548FAF448CEC}.Release|Any CPU.Build.0 = Release|Any CPU
		{69DD5635-9C93-4028-8515-548FAF448CEC}.Release|x64.ActiveCfg = Release|Any CPU
		{69DD5635-9C93-4028-8515-548FAF448CEC}.Release|x64.Build.0 = Release|Any CPU
		{69DD5635-9C93-4028-8515-548FAF448CEC}.Release|x86.ActiveCfg = Release|Any CPU
		{69DD5635-9C93-4028-8515-548FAF448CEC}.Release|x86.Build.0 = Release|Any CPU
	EndGlobalSection
	GlobalSection(SolutionProperties) = preSolution
		HideSolutionNode = FALSE
	EndGlobalSection
	GlobalSection(NestedProjects) = preSolution
		{BC01AF69-9657-4CAA-819E-979B7E1FC831} = {B36A84DF-456D-A817-6EDD-3EC3E7F6E11F}
		{E8B47A06-D9E9-4F57-8CBB-1D7E213448DE} = {B36A84DF-456D-A817-6EDD-3EC3E7F6E11F}
		{877F0629-B17F-46DE-975E-7D9486B89D9D} = {B36A84DF-456D-A817-6EDD-3EC3E7F6E11F}
		{FCAB68F0-B3B4-43BB-9506-145FE0D02736} = {B36A84DF-456D-A817-6EDD-3EC3E7F6E11F}
		{5A0FDF41-ECDA-45C3-B738-AE2822F8FE0B} = {B36A84DF-456D-A817-6EDD-3EC3E7F6E11F}
		{9272729B-62ED-417E-910B-1BA3B1366A9A} = {B36A84DF-456D-A817-6EDD-3EC3E7F6E11F}
		{E0A747D8-D392-4172-8CDE-7E9C1215D162} = {B36A84DF-456D-A817-6EDD-3EC3E7F6E11F}
		{855FEBF2-1D36-45B3-B9CE-084A5D39A853} = {B36A84DF-456D-A817-6EDD-3EC3E7F6E11F}
		{9BBDFA46-3CF5-4121-8D3E-3249D267200A} = {B36A84DF-456D-A817-6EDD-3EC3E7F6E11F}
		{A4FC273C-29E0-4AFE-ADD7-741F26D5839C} = {B36A84DF-456D-A817-6EDD-3EC3E7F6E11F}
		{C294AFC4-1F5A-4B36-A0E6-222AD2DC2235} = {B36A84DF-456D-A817-6EDD-3EC3E7F6E11F}
		{179E043D-92F3-476A-BD57-BDB1B44A42B9} = {B36A84DF-456D-A817-6EDD-3EC3E7F6E11F}
		{FB5AE3F3-5FF3-4B23-B017-5FFB4419057D} = {B36A84DF-456D-A817-6EDD-3EC3E7F6E11F}
		{BEB67B22-6095-4D98-B365-28B467ADA726} = {B36A84DF-456D-A817-6EDD-3EC3E7F6E11F}
		{E8AF62C0-EAB7-4642-99A2-5E454E537785} = {B36A84DF-456D-A817-6EDD-3EC3E7F6E11F}
		{E42F11F0-F85F-441C-8967-E1CAE406B4CF} = {B36A84DF-456D-A817-6EDD-3EC3E7F6E11F}
		{F0993A49-0739-455B-A1C8-13F38C8EEBE1} = {B36A84DF-456D-A817-6EDD-3EC3E7F6E11F}
		{553038E8-E13D-4F09-9AFD-47AD69C29ED1} = {B36A84DF-456D-A817-6EDD-3EC3E7F6E11F}
		{3259D11A-8AB6-4DC1-B9F3-B7AF036512AD} = {B36A84DF-456D-A817-6EDD-3EC3E7F6E11F}
		{B6F67BB1-AD06-4B2E-886F-31A892E135CB} = {B36A84DF-456D-A817-6EDD-3EC3E7F6E11F}
		{69DD5635-9C93-4028-8515-548FAF448CEC} = {808186BE-9BD0-DD1D-D574-36EEAD1E7F8F}
	EndGlobalSection
EndGlobal
